lockfileVersion: 5.4

specifiers:
  next: 12.2.6-canary.10
  react: 18.2.0
  react-dom: 18.2.0

dependencies:
  next: 12.2.6-canary.10_biqbaboplfbrettd7655fr4n2y
  react: 18.2.0
  react-dom: 18.2.0_react@18.2.0

packages:

  /@next/env/12.2.6-canary.10:
    resolution: {integrity: sha512-5xzVwJKFCdm3tx5cyKJ8rjtmkOnCh8b/hkVwNKd1dD71FaxmGfh8I4e65QIq89X+u2h4wlj5AzOLWD5FKwAdQA==}
    dev: false

  /@next/swc-android-arm-eabi/12.2.6-canary.10:
    resolution: {integrity: sha512-Xg+Y2j2IVgXAYAZ3IiT6Uu4fnH4cdY/BmTj93Ox7xMHm1kljU5wEGm6KmX9NVdonLV34jkzLPongWmBadoPPxA==}
    engines: {node: '>= 10'}
    cpu: [arm]
    os: [android]
    requiresBuild: true
    dev: false
    optional: true

  /@next/swc-android-arm64/12.2.6-canary.10:
    resolution: {integrity: sha512-/rr4z++iQnlVvLv+Ithx2gXXK0TrVmg9hzslNDyqxbWYsaTvH23Bk4LpD6MwsHICa55V5AYy0ImYSxTj6Di7lA==}
    engines: {node: '>= 10'}
    cpu: [arm64]
    os: [android]
    requiresBuild: true
    dev: false
    optional: true

  /@next/swc-darwin-arm64/12.2.6-canary.10:
    resolution: {integrity: sha512-bCh8rKTmxnEtFVxfGpDRgQrzjCR6iZDhYHHYAdKz/QauZ2HiULFzz2Q7srR1g6K7e84uOqchzIkhRQlvrkuCMA==}
    engines: {node: '>= 10'}
    cpu: [arm64]
    os: [darwin]
    requiresBuild: true
    dev: false
    optional: true

  /@next/swc-darwin-x64/12.2.6-canary.10:
    resolution: {integrity: sha512-mMEMfO819o2RePEUc2WNKhjdQvwihD1yC/U6uZchLt9TXVxdoTlD+FB145EcU+LlH5IaJkBF9qUUjCu+d6EJTQ==}
    engines: {node: '>= 10'}
    cpu: [x64]
    os: [darwin]
    requiresBuild: true
    dev: false
    optional: true

  /@next/swc-freebsd-x64/12.2.6-canary.10:
    resolution: {integrity: sha512-wL+pk105TSzquEX28OctmEmNPmOg5tV39h/xpzpvYONRy1k0hUJzmj+BhGpg662Fon4gn8PAQdmLkZbNpz9uoA==}
    engines: {node: '>= 10'}
    cpu: [x64]
    os: [freebsd]
    requiresBuild: true
    dev: false
    optional: true

  /@next/swc-linux-arm-gnueabihf/12.2.6-canary.10:
    resolution: {integrity: sha512-saSIlA3ewXI7aS9fqkL4poE0MG5ualJtkOvNWSs7ZyLaEYG6oPU6e/NUfWTlIvytT9EbD92A4w3wJNU5V6scww==}
    engines: {node: '>= 10'}
    cpu: [arm]
    os: [linux]
    requiresBuild: true
    dev: false
    optional: true

  /@next/swc-linux-arm64-gnu/12.2.6-canary.10:
    resolution: {integrity: sha512-3QH9SdXeep9zqD/8cO1LaMOjMNqYmfE3caH0cqcbZ994uX0LDbRZHczPjAzuuTLVK6TCHFXfGpxuITB2qyqwkg==}
    engines: {node: '>= 10'}
    cpu: [arm64]
    os: [linux]
    requiresBuild: true
    dev: false
    optional: true

  /@next/swc-linux-arm64-musl/12.2.6-canary.10:
    resolution: {integrity: sha512-x2+NJ/fRwPzD2Swu+2+rl1b55g+bo97opV7OjSAsqgLKaGbnKr7hgIGYqZyQf05Wt/3rlKjWMuDswI7xW0ivhQ==}
    engines: {node: '>= 10'}
    cpu: [arm64]
    os: [linux]
    requiresBuild: true
    dev: false
    optional: true

  /@next/swc-linux-x64-gnu/12.2.6-canary.10:
    resolution: {integrity: sha512-zvTRf0Z0GSW2BWsgyjshI/BGjM8HubaL+wdAPhExREAEDRt5Fn1d1CRfaCuZ155cQwcNvOy6OW+jOFIQFwwA6Q==}
    engines: {node: '>= 10'}
    cpu: [x64]
    os: [linux]
    requiresBuild: true
    dev: false
    optional: true

  /@next/swc-linux-x64-musl/12.2.6-canary.10:
    resolution: {integrity: sha512-GrKbFIoNC2YDv8+qanMYDTvjH3jic9RANy2oGJqQyDMI3BaymxoB78ECmhUg5vj9keAKdPWIBMyGVhMoSJKsKQ==}
    engines: {node: '>= 10'}
    cpu: [x64]
    os: [linux]
    requiresBuild: true
    dev: false
    optional: true

  /@next/swc-win32-arm64-msvc/12.2.6-canary.10:
    resolution: {integrity: sha512-hPtYbrYgnk+lEUWC6A2KP3PBg6CBtsxVEMAPgS5lI5wxobQldx4h4tAjig/SA7pZ2XSoCn815lPD/VwfgG+rGg==}
    engines: {node: '>= 10'}
    cpu: [arm64]
    os: [win32]
    requiresBuild: true
    dev: false
    optional: true

  /@next/swc-win32-ia32-msvc/12.2.6-canary.10:
    resolution: {integrity: sha512-tMnyaGV0VdhDXQErCAkaD4t7xbjtX8vTfBDpJSS3wtrLJJUcoVs51gh4ooQgOkTsZSyJ9bWRo1+ppgiKK4KxZQ==}
    engines: {node: '>= 10'}
    cpu: [ia32]
    os: [win32]
    requiresBuild: true
    dev: false
    optional: true

  /@next/swc-win32-x64-msvc/12.2.6-canary.10:
    resolution: {integrity: sha512-sgZdCYHi+eVUSF0dVg3ex4Hq5CnZMg/pRitrQhLVRYavPJewQG8E3VNOdhF2/Vxo1qibAXzDs6HnCvHw1Z8fHg==}
    engines: {node: '>= 10'}
    cpu: [x64]
    os: [win32]
    requiresBuild: true
    dev: false
    optional: true

  /@swc/helpers/0.4.11:
    resolution: {integrity: sha512-rEUrBSGIoSFuYxwBYtlUFMlE2CwGhmW+w9355/5oduSw8e5h2+Tj4UrAGNNgP9915++wj5vkQo0UuOBqOAq4nw==}
    dependencies:
      tslib: 2.4.0
    dev: false

  /caniuse-lite/1.0.30001390:
    resolution: {integrity: sha512-sS4CaUM+/+vqQUlCvCJ2WtDlV81aWtHhqeEVkLokVJJa3ViN4zDxAGfq9R8i1m90uGHxo99cy10Od+lvn3hf0g==}
    dev: false

  /js-tokens/4.0.0:
    resolution: {integrity: sha512-RdJUflcE3cUzKiMqQgsCu06FPu9UdIJO0beYbPhHN4k6apgJtifcoCtT9bcxOpYBtpD2kCM6Sbzg4CausW/PKQ==}
    dev: false

  /loose-envify/1.4.0:
    resolution: {integrity: sha512-lyuxPGr/Wfhrlem2CL/UcnUc1zcqKAImBDzukY7Y5F/yQiNdko6+fRLevlw1HgMySw7f611UIY408EtxRSoK3Q==}
    hasBin: true
    dependencies:
      js-tokens: 4.0.0
    dev: false

  /nanoid/3.3.4:
    resolution: {integrity: sha512-MqBkQh/OHTS2egovRtLk45wEyNXwF+cokD+1YPf9u5VfJiRdAiRwB2froX5Co9Rh20xs4siNPm8naNotSD6RBw==}
    engines: {node: ^10 || ^12 || ^13.7 || ^14 || >=15.0.1}
    hasBin: true
    dev: false

  /next/12.2.6-canary.10_biqbaboplfbrettd7655fr4n2y:
    resolution: {integrity: sha512-fQ21keXDyDrwZQIRLt+0M7eszM31SE9poRHY87HApqeSQzCvKBB1YDEcQUU3e3N/MQlvg1V6Ra5xXb1InpKIvw==}
    engines: {node: '>=12.22.0'}
    hasBin: true
    peerDependencies:
      fibers: '>= 3.1.0'
      node-sass: ^6.0.0 || ^7.0.0
      react: ^17.0.2 || ^18.0.0-0
      react-dom: ^17.0.2 || ^18.0.0-0
      sass: ^1.3.0
    peerDependenciesMeta:
      fibers:
        optional: true
      node-sass:
        optional: true
      sass:
        optional: true
    dependencies:
      '@next/env': 12.2.6-canary.10
      '@swc/helpers': 0.4.11
      caniuse-lite: 1.0.30001390
      postcss: 8.4.14
      react: 18.2.0
      react-dom: 18.2.0_react@18.2.0
      styled-jsx: 5.0.6_react@18.2.0
      use-sync-external-store: 1.2.0_react@18.2.0
    optionalDependencies:
      '@next/swc-android-arm-eabi': 12.2.6-canary.10
      '@next/swc-android-arm64': 12.2.6-canary.10
      '@next/swc-darwin-arm64': 12.2.6-canary.10
      '@next/swc-darwin-x64': 12.2.6-canary.10
      '@next/swc-freebsd-x64': 12.2.6-canary.10
      '@next/swc-linux-arm-gnueabihf': 12.2.6-canary.10
      '@next/swc-linux-arm64-gnu': 12.2.6-canary.10
      '@next/swc-linux-arm64-musl': 12.2.6-canary.10
      '@next/swc-linux-x64-gnu': 12.2.6-canary.10
      '@next/swc-linux-x64-musl': 12.2.6-canary.10
      '@next/swc-win32-arm64-msvc': 12.2.6-canary.10
      '@next/swc-win32-ia32-msvc': 12.2.6-canary.10
      '@next/swc-win32-x64-msvc': 12.2.6-canary.10
    transitivePeerDependencies:
      - '@babel/core'
      - babel-plugin-macros
    dev: false

  /picocolors/1.0.0:
    resolution: {integrity: sha512-1fygroTLlHu66zi26VoTDv8yRgm0Fccecssto+MhsZ0D/DGW2sm8E8AjW7NU5VVTRt5GxbeZ5qBuJr+HyLYkjQ==}
    dev: false

  /postcss/8.4.14:
    resolution: {integrity: sha512-E398TUmfAYFPBSdzgeieK2Y1+1cpdxJx8yXbK/m57nRhKSmk1GB2tO4lbLBtlkfPQTDKfe4Xqv1ASWPpayPEig==}
    engines: {node: ^10 || ^12 || >=14}
    dependencies:
      nanoid: 3.3.4
      picocolors: 1.0.0
      source-map-js: 1.0.2
    dev: false

  /react-dom/18.2.0_react@18.2.0:
    resolution: {integrity: sha512-6IMTriUmvsjHUjNtEDudZfuDQUoWXVxKHhlEGSk81n4YFS+r/Kl99wXiwlVXtPBtJenozv2P+hxDsw9eA7Xo6g==}
    peerDependencies:
      react: ^18.2.0
    dependencies:
      loose-envify: 1.4.0
      react: 18.2.0
      scheduler: 0.23.0
    dev: false

  /react/18.2.0:
    resolution: {integrity: sha512-/3IjMdb2L9QbBdWiW5e3P2/npwMBaU9mHCSCUzNln0ZCYbcfTsGbTJrU/kGemdH2IWmB2ioZ+zkxtmq6g09fGQ==}
    engines: {node: '>=0.10.0'}
    dependencies:
      loose-envify: 1.4.0
    dev: false

  /scheduler/0.23.0:
    resolution: {integrity: sha512-CtuThmgHNg7zIZWAXi3AsyIzA3n4xx7aNyjwC2VJldO2LMVDhFK+63xGqq6CsJH4rTAt6/M+N4GhZiDYPx9eUw==}
    dependencies:
      loose-envify: 1.4.0
    dev: false

  /source-map-js/1.0.2:
    resolution: {integrity: sha512-R0XvVJ9WusLiqTCEiGCmICCMplcCkIwwR11mOSD9CR5u+IXYdiseeEuXCVAjS54zqwkLcPNnmU4OeJ6tUrWhDw==}
    engines: {node: '>=0.10.0'}
    dev: false

  /styled-jsx/5.0.6_react@18.2.0:
    resolution: {integrity: sha512-xOeROtkK5MGMDimBQ3J6iPId8q0t/BDoG5XN6oKkZClVz9ISF/hihN8OCn2LggMU6N32aXnrXBdn3auSqNS9fA==}
    engines: {node: '>= 12.0.0'}
    peerDependencies:
      '@babel/core': '*'
      babel-plugin-macros: '*'
      react: '>= 16.8.0 || 17.x.x || ^18.0.0-0'
    peerDependenciesMeta:
      '@babel/core':
        optional: true
      babel-plugin-macros:
        optional: true
    dependencies:
      react: 18.2.0
    dev: false

  /tslib/2.4.0:
    resolution: {integrity: sha512-d6xOpEDfsi2CZVlPQzGeux8XMwLT9hssAsaPYExaQMuYskwb+x1x7J371tWlbBdWHroy99KnVB6qIkUbs5X3UQ==}
    dev: false

  /use-sync-external-store/1.2.0_react@18.2.0:
    resolution: {integrity: sha512-eEgnFxGQ1Ife9bzYs6VLi8/4X6CObHMw9Qr9tPY43iKwsPw8xE8+EFsf/2cFZ5S3esXgpWgtSCtLNS41F+sKPA==}
    peerDependencies:
      react: ^16.8.0 || ^17.0.0 || ^18.0.0
    dependencies:
      react: 18.2.0
    dev: false
